
Microsoft Visual Studio Solution File, Format Version 12.00
# Visual Studio Version 17
VisualStudioVersion = 17.0.31612.314
MinimumVisualStudioVersion = 10.0.40219.1
Project("{9A19103F-16F7-4668-BE54-9A1E7A4F7556}") = "Net7WebApplicationBuilder", "samples\Net7WebApplicationBuilder\Net7WebApplicationBuilder.csproj", "{E3826EDD-0370-4A40-A1F9-1B07ABEBDDFD}"
EndProject
Project("{9A19103F-16F7-4668-BE54-9A1E7A4F7556}") = "AspNetCore.SpaYarp", "src\AspNetCore.SpaYarp\AspNetCore.SpaYarp.csproj", "{03DE7E3B-0E21-49B5-8471-7E32E0A2D68C}"
EndProject
Project("{2150E333-8FDC-42A3-9474-1A3956D46DE8}") = "Solution Items", "Solution Items", "{BE6CB10D-9F74-4BE6-8C8F-8BDCC8BA2C65}"
	ProjectSection(SolutionItems) = preProject
		.gitignore = .gitignore
		global.json = global.json
		Readme.md = Readme.md
	EndProjectSection
EndProject
Project("{2150E333-8FDC-42A3-9474-1A3956D46DE8}") = "Samples", "Samples", "{D05AF6E1-A5A4-429A-AB68-34669DDE7364}"
EndProject
Project("{9A19103F-16F7-4668-BE54-9A1E7A4F7556}") = "Net6Startup", "samples\Net6Startup\Net6Startup.csproj", "{6E174FC6-F6E0-407A-9F75-1D6B84BB946D}"
EndProject
Project("{9A19103F-16F7-4668-BE54-9A1E7A4F7556}") = "AspNetMultipleSpasYarp", "samples\AspNetMultipleSpaYarp\AspNetMultipleSpasYarp.csproj", "{FFE0C2AC-6DEF-4CB4-B987-60B6C1C38912}"
EndProject
Global
	GlobalSection(SolutionConfigurationPlatforms) = preSolution
		Debug|Any CPU = Debug|Any CPU
		Release|Any CPU = Release|Any CPU
	EndGlobalSection
	GlobalSection(ProjectConfigurationPlatforms) = postSolution
		{E3826EDD-0370-4A40-A1F9-1B07ABEBDDFD}.Debug|Any CPU.ActiveCfg = Debug|Any CPU
		{E3826EDD-0370-4A40-A1F9-1B07ABEBDDFD}.Debug|Any CPU.Build.0 = Debug|Any CPU
		{E3826EDD-0370-4A40-A1F9-1B07ABEBDDFD}.Release|Any CPU.ActiveCfg = Release|Any CPU
		{E3826EDD-0370-4A40-A1F9-1B07ABEBDDFD}.Release|Any CPU.Build.0 = Release|Any CPU
		{03DE7E3B-0E21-49B5-8471-7E32E0A2D68C}.Debug|Any CPU.ActiveCfg = Debug|Any CPU
		{03DE7E3B-0E21-49B5-8471-7E32E0A2D68C}.Debug|Any CPU.Build.0 = Debug|Any CPU
		{03DE7E3B-0E21-49B5-8471-7E32E0A2D68C}.Release|Any CPU.ActiveCfg = Release|Any CPU
		{03DE7E3B-0E21-49B5-8471-7E32E0A2D68C}.Release|Any CPU.Build.0 = Release|Any CPU
		{6E174FC6-F6E0-407A-9F75-1D6B84BB946D}.Debug|Any CPU.ActiveCfg = Debug|Any CPU
		{6E174FC6-F6E0-407A-9F75-1D6B84BB946D}.Debug|Any CPU.Build.0 = Debug|Any CPU
		{6E174FC6-F6E0-407A-9F75-1D6B84BB946D}.Release|Any CPU.ActiveCfg = Release|Any CPU
		{6E174FC6-F6E0-407A-9F75-1D6B84BB946D}.Release|Any CPU.Build.0 = Release|Any CPU
	EndGlobalSection
	GlobalSection(SolutionProperties) = preSolution
		HideSolutionNode = FALSE
	EndGlobalSection
	GlobalSection(NestedProjects) = preSolution
		{E3826EDD-0370-4A40-A1F9-1B07ABEBDDFD} = {D05AF6E1-A5A4-429A-AB68-34669DDE7364}
		{6E174FC6-F6E0-407A-9F75-1D6B84BB946D} = {D05AF6E1-A5A4-429A-AB68-34669DDE7364}
	EndGlobalSection
	GlobalSection(ExtensibilityGlobals) = postSolution
		SolutionGuid = {64A1B0D6-615B-45D8-9F1C-593B55C3E840}
	EndGlobalSection
EndGlobal
